// !$*UTF8*$!
{
	archiveVersion = 1;
	classes = {
	};
	objectVersion = 46;
	objects = {

/* Begin PBXBuildFile section */
		D44743931E442AF000CA87BF /* main.c in Sources */ = {isa = PBXBuildFile; fileRef = D44743921E442AF000CA87BF /* main.c */; };
/* End PBXBuildFile section */

/* Begin PBXCopyFilesBuildPhase section */
		D447438D1E442AEF00CA87BF /* CopyFiles */ = {
			isa = PBXCopyFilesBuildPhase;
			buildActionMask = 2147483647;
			dstPath = /usr/share/man/man1/;
			dstSubfolderSpec = 0;
			files = (
			);
			runOnlyForDeploymentPostprocessing = 1;
		};
/* End PBXCopyFilesBuildPhase section */

/* Begin PBXFileReference section */
		D447438F1E442AF000CA87BF /* Project01 */ = {isa = PBXFileReference; explicitFileType = "compiled.mach-o.executable"; includeInIndex = 0; path = Project01; sourceTree = BUILT_PRODUCTS_DIR; };
		D44743921E442AF000CA87BF /* main.c */ = {isa = PBXFileReference; lastKnownFileType = sourcecode.c.c; path = main.c; sourceTree = "<group>"; };
		D44743991E442C2E00CA87BF /* Students.txt */ = {isa = PBXFileReference; fileEncoding = 4; lastKnownFileType = text; path = Students.txt; sourceTree = "<group>"; };
		D447439A1E442C2E00CA87BF /* StudentsCourses.txt */ = {isa = PBXFileReference; fileEncoding = 4; lastKnownFileType = text; path = StudentsCourses.txt; sourceTree = "<group>"; };
		D447439B1E442C2E00CA87BF /* Courses.txt */ = {isa = PBXFileReference; fileEncoding = 4; lastKnownFileType = text; path = Courses.txt; sourceTree = "<group>"; };
		D447439C1E442C2E00CA87BF /* Accounts.txt */ = {isa = PBXFileReference; fileEncoding = 4; lastKnownFileType = text; path = Accounts.txt; sourceTree = "<group>"; };
/* End PBXFileReference section */

/* Begin PBXFrameworksBuildPhase section */
		D447438C1E442AEF00CA87BF /* Frameworks */ = {
			isa = PBXFrameworksBuildPhase;
			buildActionMask = 2147483647;
			files = (
			);
			runOnlyForDeploymentPostprocessing = 0;
		};
/* End PBXFrameworksBuildPhase section */

/* Begin PBXGroup section */
		D44743861E442AEF00CA87BF = {
			isa = PBXGroup;
			children = (
				D44743911E442AF000CA87BF /* Project01 */,
				D44743901E442AF000CA87BF /* Products */,
			);
			sourceTree = "<group>";
		};
		D44743901E442AF000CA87BF /* Products */ = {
			isa = PBXGroup;
			children = (
				D447438F1E442AF000CA87BF /* Project01 */,
			);
			name = Products;
			sourceTree = "<group>";
		};
		D44743911E442AF000CA87BF /* Project01 */ = {
			isa = PBXGroup;
			children = (
				D44743991E442C2E00CA87BF /* Students.txt */,
				D447439A1E442C2E00CA87BF /* StudentsCourses.txt */,
				D447439B1E442C2E00CA87BF /* Courses.txt */,
				D447439C1E442C2E00CA87BF /* Accounts.txt */,
				D44743921E442AF000CA87BF /* main.c */,
			);
			path = Project01;
			sourceTree = "<group>";
		};
/* End PBXGroup section */

/* Begin PBXNativeTarget section */
		D447438E1E442AEF00CA87BF /* Project01 */ = {
			isa = PBXNativeTarget;
			buildConfigurationList = D44743961E442AF000CA87BF /* Build configuration list for PBXNativeTarget "Project01" */;
			buildPhases = (
				D447438B1E442AEF00CA87BF /* Sources */,
				D447438C1E442AEF00CA87BF /* Frameworks */,
				D447438D1E442AEF00CA87BF /* CopyFiles */,
			);
			buildRules = (
			);
			dependencies = (
			);
			name = Project01;
			productName = Project01;
			productReference = D447438F1E442AF000CA87BF /* Project01 */;
			productType = "com.apple.product-type.tool";
		};
/* End PBXNativeTarget section */

/* Begin PBXProject section */
		D44743871E442AEF00CA87BF /* Project object */ = {
			isa = PBXProject;
			attributes = {
				LastUpgradeCheck = 0820;
				ORGANIZATIONNAME = shinji;
				TargetAttributes = {
					D447438E1E442AEF00CA87BF = {
						CreatedOnToolsVersion = 8.2.1;
						DevelopmentTeam = 9JWJT4ZWMX;
						ProvisioningStyle = Automatic;
					};
				};
			};
			buildConfigurationList = D447438A1E442AEF00CA87BF /* Build configuration list for PBXProject "Project01" */;
			compatibilityVersion = "Xcode 3.2";
			developmentRegion = English;
			hasScannedForEncodings = 0;
			knownRegions = (
				en,
			);
			mainGroup = D44743861E442AEF00CA87BF;
			productRefGroup = D44743901E442AF000CA87BF /* Products */;
			projectDirPath = "";
			projectRoot = "";
			targets = (
				D447438E1E442AEF00CA87BF /* Project01 */,
			);
		};
/* End PBXProject section */

/* Begin PBXSourcesBuildPhase section */
		D447438B1E442AEF00CA87BF /* Sources */ = {
			isa = PBXSourcesBuildPhase;
			buildActionMask = 2147483647;
			files = (
				D44743931E442AF000CA87BF /* main.c in Sources */,
			);
			runOnlyForDeploymentPostprocessing = 0;
		};
/* End PBXSourcesBuildPhase section */

/* Begin XCBuildConfiguration section */
		D44743941E442AF000CA87BF /* Debug */ = {
			isa = XCBuildConfiguration;
			buildSettings = {
				ALWAYS_SEARCH_USER_PATHS = NO;
				CLANG_ANALYZER_NONNULL = YES;
				CLANG_CXX_LANGUAGE_STANDARD = "gnu++0x";
				CLANG_CXX_LIBRARY = "libc++";
				CLANG_ENABLE_MODULES = YES;
				CLANG_ENABLE_OBJC_ARC = YES;
				CLANG_WARN_BOOL_CONVERSION = YES;
				CLANG_WARN_CONSTANT_CONVERSION = YES;
				CLANG_WARN_DIRECT_OBJC_ISA_USAGE = YES_ERROR;
				CLANG_WARN_DOCUMENTATION_COMMENTS = YES;
				CLANG_WARN_EMPTY_BODY = YES;
				CLANG_WARN_ENUM_CONVERSION = YES;
				CLANG_WARN_INFINITE_RECURSION = YES;
				CLANG_WARN_INT_CONVERSION = YES;
				CLANG_WARN_OBJC_ROOT_CLASS = YES_ERROR;
				CLANG_WARN_SUSPICIOUS_MOVE = YES;
				CLANG_WARN_UNREACHABLE_CODE = YES;
				CLANG_WARN__DUPLICATE_METHOD_MATCH = YES;
				CODE_SIGN_IDENTITY = "-";
				COPY_PHASE_STRIP = NO;
				DEBUG_INFORMATION_FORMAT = dwarf;
				ENABLE_STRICT_OBJC_MSGSEND = YES;
				ENABLE_TESTABILITY = YES;
				GCC_C_LANGUAGE_STANDARD = gnu99;
				GCC_DYNAMIC_NO_PIC = NO;
				GCC_NO_COMMON_BLOCKS = YES;
				GCC_OPTIMIZATION_LEVEL = 0;
				GCC_PREPROCESSOR_DEFINITIONS = (
					"DEBUG=1",
					"$(inherited)",
				);
				GCC_WARN_64_TO_32_BIT_CONVERSION = YES;
				GCC_WARN_ABOUT_RETURN_TYPE = YES_ERROR;
				GCC_WARN_UNDECLARED_SELECTOR = YES;
				GCC_WARN_UNINITIALIZED_AUTOS = YES_AGGRESSIVE;
				GCC_WARN_UNUSED_FUNCTION = YES;
				GCC_WARN_UNUSED_VARIABLE = YES;
				MACOSX_DEPLOYMENT_TARGET = 10.12;
				MTL_ENABLE_DEBUG_INFO = YES;
				ONLY_ACTIVE_ARCH = YES;
				SDKROOT = macosx;
			};
			name = Debug;
		};
		D44743951E442AF000CA87BF /* Release */ = {
			isa = XCBuildConfiguration;
			buildSettings = {
				ALWAYS_SEARCH_USER_PATHS = NO;
				CLANG_ANALYZER_NONNULL = YES;
				CLANG_CXX_LANGUAGE_STANDARD = "gnu++0x";
				CLANG_CXX_LIBRARY = "libc++";
				CLANG_ENABLE_MODULES = YES;
				CLANG_ENABLE_OBJC_ARC = YES;
				CLANG_WARN_BOOL_CONVERSION = YES;
				CLANG_WARN_CONSTANT_CONVERSION = YES;
				CLANG_WARN_DIRECT_OBJC_ISA_USAGE = YES_ERROR;
				CLANG_WARN_DOCUMENTATION_COMMENTS = YES;
				CLANG_WARN_EMPTY_BODY = YES;
				CLANG_WARN_ENUM_CONVERSION = YES;
				CLANG_WARN_INFINITE_RECURSION = YES;
				CLANG_WARN_INT_CONVERSION = YES;
				CLANG_WARN_OBJC_ROOT_CLASS = YES_ERROR;
				CLANG_WARN_SUSPICIOUS_MOVE = YES;
				CLANG_WARN_UNREACHABLE_CODE = YES;
				CLANG_WARN__DUPLICATE_METHOD_MATCH = YES;
				CODE_SIGN_IDENTITY = "-";
				COPY_PHASE_STRIP = NO;
				DEBUG_INFORMATION_FORMAT = "dwarf-with-dsym";
				ENABLE_NS_ASSERTIONS = NO;
				ENABLE_STRICT_OBJC_MSGSEND = YES;
				GCC_C_LANGUAGE_STANDARD = gnu99;
				GCC_NO_COMMON_BLOCKS = YES;
				GCC_WARN_64_TO_32_BIT_CONVERSION = YES;
				GCC_WARN_ABOUT_RETURN_TYPE = YES_ERROR;
				GCC_WARN_UNDECLARED_SELECTOR = YES;
				GCC_WARN_UNINITIALIZED_AUTOS = YES_AGGRESSIVE;
				GCC_WARN_UNUSED_FUNCTION = YES;
				GCC_WARN_UNUSED_VARIABLE = YES;
				MACOSX_DEPLOYMENT_TARGET = 10.12;
				MTL_ENABLE_DEBUG_INFO = NO;
				SDKROOT = macosx;
			};
			name = Release;
		};
		D44743971E442AF000CA87BF /* Debug */ = {
			isa = XCBuildConfiguration;
			buildSettings = {
				DEVELOPMENT_TEAM = 9JWJT4ZWMX;
				PRODUCT_NAME = "$(TARGET_NAME)";
			};
			name = Debug;
		};
		D44743981E442AF000CA87BF /* Release */ = {
			isa = XCBuildConfiguration;
			buildSettings = {
				DEVELOPMENT_TEAM = 9JWJT4ZWMX;
				PRODUCT_NAME = "$(TARGET_NAME)";
			};
			name = Release;
		};
/* End XCBuildConfiguration section */

/* Begin XCConfigurationList section */
		D447438A1E442AEF00CA87BF /* Build configuration list for PBXProject "Project01" */ = {
			isa = XCConfigurationList;
			buildConfigurations = (
				D44743941E442AF000CA87BF /* Debug */,
				D44743951E442AF000CA87BF /* Release */,
			);
			defaultConfigurationIsVisible = 0;
			defaultConfigurationName = Release;
		};
		D44743961E442AF000CA87BF /* Build configuration list for PBXNativeTarget "Project01" */ = {
			isa = XCConfigurationList;
			buildConfigurations = (
				D44743971E442AF000CA87BF /* Debug */,
				D44743981E442AF000CA87BF /* Release */,
			);
			defaultConfigurationIsVisible = 0;
		};
/* End XCConfigurationList section */
	};
	rootObject = D44743871E442AEF00CA87BF /* Project object */;
}
