// !$*UTF8*$!
{
	archiveVersion = 1;
	classes = {
	};
	objectVersion = 46;
	objects = {

/* Begin PBXBuildFile section */
		D43352D21E383D8D00D5A73D /* main.c in Sources */ = {isa = PBXBuildFile; fileRef = D43352D11E383D8D00D5A73D /* main.c */; };
/* End PBXBuildFile section */

/* Begin PBXCopyFilesBuildPhase section */
		D43352CC1E383D8D00D5A73D /* CopyFiles */ = {
			isa = PBXCopyFilesBuildPhase;
			buildActionMask = 2147483647;
			dstPath = /usr/share/man/man1/;
			dstSubfolderSpec = 0;
			files = (
			);
			runOnlyForDeploymentPostprocessing = 1;
		};
/* End PBXCopyFilesBuildPhase section */

/* Begin PBXFileReference section */
		D43352CE1E383D8D00D5A73D /* Assignment05_07 */ = {isa = PBXFileReference; explicitFileType = "compiled.mach-o.executable"; includeInIndex = 0; path = Assignment05_07; sourceTree = BUILT_PRODUCTS_DIR; };
		D43352D11E383D8D00D5A73D /* main.c */ = {isa = PBXFileReference; lastKnownFileType = sourcecode.c.c; path = main.c; sourceTree = "<group>"; };
/* End PBXFileReference section */

/* Begin PBXFrameworksBuildPhase section */
		D43352CB1E383D8D00D5A73D /* Frameworks */ = {
			isa = PBXFrameworksBuildPhase;
			buildActionMask = 2147483647;
			files = (
			);
			runOnlyForDeploymentPostprocessing = 0;
		};
/* End PBXFrameworksBuildPhase section */

/* Begin PBXGroup section */
		D43352C51E383D8D00D5A73D = {
			isa = PBXGroup;
			children = (
				D43352D01E383D8D00D5A73D /* Assignment05_07 */,
				D43352CF1E383D8D00D5A73D /* Products */,
			);
			sourceTree = "<group>";
		};
		D43352CF1E383D8D00D5A73D /* Products */ = {
			isa = PBXGroup;
			children = (
				D43352CE1E383D8D00D5A73D /* Assignment05_07 */,
			);
			name = Products;
			sourceTree = "<group>";
		};
		D43352D01E383D8D00D5A73D /* Assignment05_07 */ = {
			isa = PBXGroup;
			children = (
				D43352D11E383D8D00D5A73D /* main.c */,
			);
			path = Assignment05_07;
			sourceTree = "<group>";
		};
/* End PBXGroup section */

/* Begin PBXNativeTarget section */
		D43352CD1E383D8D00D5A73D /* Assignment05_07 */ = {
			isa = PBXNativeTarget;
			buildConfigurationList = D43352D51E383D8D00D5A73D /* Build configuration list for PBXNativeTarget "Assignment05_07" */;
			buildPhases = (
				D43352CA1E383D8D00D5A73D /* Sources */,
				D43352CB1E383D8D00D5A73D /* Frameworks */,
				D43352CC1E383D8D00D5A73D /* CopyFiles */,
			);
			buildRules = (
			);
			dependencies = (
			);
			name = Assignment05_07;
			productName = Assignment05_07;
			productReference = D43352CE1E383D8D00D5A73D /* Assignment05_07 */;
			productType = "com.apple.product-type.tool";
		};
/* End PBXNativeTarget section */

/* Begin PBXProject section */
		D43352C61E383D8D00D5A73D /* Project object */ = {
			isa = PBXProject;
			attributes = {
				LastUpgradeCheck = 0820;
				ORGANIZATIONNAME = shinji;
				TargetAttributes = {
					D43352CD1E383D8D00D5A73D = {
						CreatedOnToolsVersion = 8.2.1;
						DevelopmentTeam = 9JWJT4ZWMX;
						ProvisioningStyle = Automatic;
					};
				};
			};
			buildConfigurationList = D43352C91E383D8D00D5A73D /* Build configuration list for PBXProject "Assignment05_07" */;
			compatibilityVersion = "Xcode 3.2";
			developmentRegion = English;
			hasScannedForEncodings = 0;
			knownRegions = (
				en,
			);
			mainGroup = D43352C51E383D8D00D5A73D;
			productRefGroup = D43352CF1E383D8D00D5A73D /* Products */;
			projectDirPath = "";
			projectRoot = "";
			targets = (
				D43352CD1E383D8D00D5A73D /* Assignment05_07 */,
			);
		};
/* End PBXProject section */

/* Begin PBXSourcesBuildPhase section */
		D43352CA1E383D8D00D5A73D /* Sources */ = {
			isa = PBXSourcesBuildPhase;
			buildActionMask = 2147483647;
			files = (
				D43352D21E383D8D00D5A73D /* main.c in Sources */,
			);
			runOnlyForDeploymentPostprocessing = 0;
		};
/* End PBXSourcesBuildPhase section */

/* Begin XCBuildConfiguration section */
		D43352D31E383D8D00D5A73D /* Debug */ = {
			isa = XCBuildConfiguration;
			buildSettings = {
				ALWAYS_SEARCH_USER_PATHS = NO;
				CLANG_ANALYZER_NONNULL = YES;
				CLANG_CXX_LANGUAGE_STANDARD = "gnu++0x";
				CLANG_CXX_LIBRARY = "libc++";
				CLANG_ENABLE_MODULES = YES;
				CLANG_ENABLE_OBJC_ARC = YES;
				CLANG_WARN_BOOL_CONVERSION = YES;
				CLANG_WARN_CONSTANT_CONVERSION = YES;
				CLANG_WARN_DIRECT_OBJC_ISA_USAGE = YES_ERROR;
				CLANG_WARN_DOCUMENTATION_COMMENTS = YES;
				CLANG_WARN_EMPTY_BODY = YES;
				CLANG_WARN_ENUM_CONVERSION = YES;
				CLANG_WARN_INFINITE_RECURSION = YES;
				CLANG_WARN_INT_CONVERSION = YES;
				CLANG_WARN_OBJC_ROOT_CLASS = YES_ERROR;
				CLANG_WARN_SUSPICIOUS_MOVE = YES;
				CLANG_WARN_UNREACHABLE_CODE = YES;
				CLANG_WARN__DUPLICATE_METHOD_MATCH = YES;
				CODE_SIGN_IDENTITY = "-";
				COPY_PHASE_STRIP = NO;
				DEBUG_INFORMATION_FORMAT = dwarf;
				ENABLE_STRICT_OBJC_MSGSEND = YES;
				ENABLE_TESTABILITY = YES;
				GCC_C_LANGUAGE_STANDARD = gnu99;
				GCC_DYNAMIC_NO_PIC = NO;
				GCC_NO_COMMON_BLOCKS = YES;
				GCC_OPTIMIZATION_LEVEL = 0;
				GCC_PREPROCESSOR_DEFINITIONS = (
					"DEBUG=1",
					"$(inherited)",
				);
				GCC_WARN_64_TO_32_BIT_CONVERSION = YES;
				GCC_WARN_ABOUT_RETURN_TYPE = YES_ERROR;
				GCC_WARN_UNDECLARED_SELECTOR = YES;
				GCC_WARN_UNINITIALIZED_AUTOS = YES_AGGRESSIVE;
				GCC_WARN_UNUSED_FUNCTION = YES;
				GCC_WARN_UNUSED_VARIABLE = YES;
				MACOSX_DEPLOYMENT_TARGET = 10.12;
				MTL_ENABLE_DEBUG_INFO = YES;
				ONLY_ACTIVE_ARCH = YES;
				SDKROOT = macosx;
			};
			name = Debug;
		};
		D43352D41E383D8D00D5A73D /* Release */ = {
			isa = XCBuildConfiguration;
			buildSettings = {
				ALWAYS_SEARCH_USER_PATHS = NO;
				CLANG_ANALYZER_NONNULL = YES;
				CLANG_CXX_LANGUAGE_STANDARD = "gnu++0x";
				CLANG_CXX_LIBRARY = "libc++";
				CLANG_ENABLE_MODULES = YES;
				CLANG_ENABLE_OBJC_ARC = YES;
				CLANG_WARN_BOOL_CONVERSION = YES;
				CLANG_WARN_CONSTANT_CONVERSION = YES;
				CLANG_WARN_DIRECT_OBJC_ISA_USAGE = YES_ERROR;
				CLANG_WARN_DOCUMENTATION_COMMENTS = YES;
				CLANG_WARN_EMPTY_BODY = YES;
				CLANG_WARN_ENUM_CONVERSION = YES;
				CLANG_WARN_INFINITE_RECURSION = YES;
				CLANG_WARN_INT_CONVERSION = YES;
				CLANG_WARN_OBJC_ROOT_CLASS = YES_ERROR;
				CLANG_WARN_SUSPICIOUS_MOVE = YES;
				CLANG_WARN_UNREACHABLE_CODE = YES;
				CLANG_WARN__DUPLICATE_METHOD_MATCH = YES;
				CODE_SIGN_IDENTITY = "-";
				COPY_PHASE_STRIP = NO;
				DEBUG_INFORMATION_FORMAT = "dwarf-with-dsym";
				ENABLE_NS_ASSERTIONS = NO;
				ENABLE_STRICT_OBJC_MSGSEND = YES;
				GCC_C_LANGUAGE_STANDARD = gnu99;
				GCC_NO_COMMON_BLOCKS = YES;
				GCC_WARN_64_TO_32_BIT_CONVERSION = YES;
				GCC_WARN_ABOUT_RETURN_TYPE = YES_ERROR;
				GCC_WARN_UNDECLARED_SELECTOR = YES;
				GCC_WARN_UNINITIALIZED_AUTOS = YES_AGGRESSIVE;
				GCC_WARN_UNUSED_FUNCTION = YES;
				GCC_WARN_UNUSED_VARIABLE = YES;
				MACOSX_DEPLOYMENT_TARGET = 10.12;
				MTL_ENABLE_DEBUG_INFO = NO;
				SDKROOT = macosx;
			};
			name = Release;
		};
		D43352D61E383D8D00D5A73D /* Debug */ = {
			isa = XCBuildConfiguration;
			buildSettings = {
				DEVELOPMENT_TEAM = 9JWJT4ZWMX;
				PRODUCT_NAME = "$(TARGET_NAME)";
			};
			name = Debug;
		};
		D43352D71E383D8D00D5A73D /* Release */ = {
			isa = XCBuildConfiguration;
			buildSettings = {
				DEVELOPMENT_TEAM = 9JWJT4ZWMX;
				PRODUCT_NAME = "$(TARGET_NAME)";
			};
			name = Release;
		};
/* End XCBuildConfiguration section */

/* Begin XCConfigurationList section */
		D43352C91E383D8D00D5A73D /* Build configuration list for PBXProject "Assignment05_07" */ = {
			isa = XCConfigurationList;
			buildConfigurations = (
				D43352D31E383D8D00D5A73D /* Debug */,
				D43352D41E383D8D00D5A73D /* Release */,
			);
			defaultConfigurationIsVisible = 0;
			defaultConfigurationName = Release;
		};
		D43352D51E383D8D00D5A73D /* Build configuration list for PBXNativeTarget "Assignment05_07" */ = {
			isa = XCConfigurationList;
			buildConfigurations = (
				D43352D61E383D8D00D5A73D /* Debug */,
				D43352D71E383D8D00D5A73D /* Release */,
			);
			defaultConfigurationIsVisible = 0;
		};
/* End XCConfigurationList section */
	};
	rootObject = D43352C61E383D8D00D5A73D /* Project object */;
}
